
Microsoft Visual Studio Solution File, Format Version 12.00
# Visual Studio Version 17
VisualStudioVersion = 17.4.33205.214
MinimumVisualStudioVersion = 10.0.40219.1
Project("{2150E333-8FDC-42A3-9474-1A3956D46DE8}") = "Lezione01", "Lezione01", "{144DF47A-F409-478E-B131-2070DF11E3D0}"
EndProject
Project("{9A19103F-16F7-4668-BE54-9A1E7A4F7556}") = "BackgroundTasks", "Lezione01\BackgroundTasks\BackgroundTasks.csproj", "{323A0DB7-0876-4083-AACF-1AA32AC68EF9}"
EndProject
Project("{2150E333-8FDC-42A3-9474-1A3956D46DE8}") = "BackgroundTasks", "BackgroundTasks", "{D7453337-BB10-49C1-A68D-A02894F5A9E8}"
EndProject
Project("{2150E333-8FDC-42A3-9474-1A3956D46DE8}") = "AspNetComparison", "AspNetComparison", "{871E30A4-CF70-4CFF-8857-31D3BE446CA5}"
EndProject
Project("{FAE04EC0-301F-11D3-BF4B-00C04F79EFBC}") = "FrameworkMVC", "Lezione01\AspNetComparison\FrameworkMVC\FrameworkMVC.csproj", "{6746DABB-5FAA-4974-BFCA-40994809E122}"
EndProject
Project("{9A19103F-16F7-4668-BE54-9A1E7A4F7556}") = "CoreMVC", "Lezione01\AspNetComparison\CoreMVC\CoreMVC.csproj", "{FBC7F938-8AC8-48FE-927F-1EFF241FDEEB}"
EndProject
Project("{2150E333-8FDC-42A3-9474-1A3956D46DE8}") = "DI", "DI", "{994F17F5-15E4-40A7-841A-35D774B4A4F7}"
EndProject
Project("{9A19103F-16F7-4668-BE54-9A1E7A4F7556}") = "AspNetCoreDI", "Lezione01\DI\AspNetCoreDI\AspNetCoreDI.csproj", "{E5B471F1-1D68-43CF-A569-F68ABF647287}"
EndProject
Project("{9A19103F-16F7-4668-BE54-9A1E7A4F7556}") = "CoreWebAPI", "Lezione01\AspNetComparison\CoreWebAPI\CoreWebAPI.csproj", "{524BF498-5278-4916-A9B4-19C2C832FA27}"
EndProject
Project("{2150E333-8FDC-42A3-9474-1A3956D46DE8}") = "Middleware", "Middleware", "{03728246-EBCF-4632-9C5F-DE6B5FC83F6A}"
EndProject
Project("{2150E333-8FDC-42A3-9474-1A3956D46DE8}") = "Lezione02", "Lezione02", "{FF49DAA0-1E6E-4E16-924E-2613E184CA97}"
EndProject
Project("{9A19103F-16F7-4668-BE54-9A1E7A4F7556}") = "AspNetCoreMiddleware", "Lezione01\Middleware\AspNetCoreMiddleware\AspNetCoreMiddleware.csproj", "{62300F4A-54AB-45C9-9782-197C0C7187BB}"
EndProject
Project("{2150E333-8FDC-42A3-9474-1A3956D46DE8}") = "EFBasics", "EFBasics", "{D0B9C47F-6FF4-4774-A6CF-FFCF54BDAEEA}"
EndProject
Project("{9A19103F-16F7-4668-BE54-9A1E7A4F7556}") = "EFCoreCodeFirst", "Lezione01\EFBasics\EFCoreCodeFirst\EFCoreCodeFirst.csproj", "{BF057CF2-EBCE-4A3D-9526-163C502DC571}"
EndProject
Project("{9A19103F-16F7-4668-BE54-9A1E7A4F7556}") = "EFCoreDbFirst", "Lezione01\EFBasics\EFCoreDbFirst\EFCoreDbFirst.csproj", "{5BFE6D43-AD99-4A31-88B9-F359FE21D656}"
EndProject
Project("{2150E333-8FDC-42A3-9474-1A3956D46DE8}") = "Esercizio4", "Esercizio4", "{1406347B-8B5B-461E-A48C-A9137A5B0028}"
EndProject
Project("{9A19103F-16F7-4668-BE54-9A1E7A4F7556}") = "Esercizio4", "Lezione02\Esercizio4\Esercizio4.csproj", "{6CE1D1A0-6E13-4A18-A0A1-E44EF0FD2273}"
EndProject
Project("{2150E333-8FDC-42A3-9474-1A3956D46DE8}") = "Esercizio5", "Esercizio5", "{0F400406-C911-4332-A3E7-0675BE5E3BBD}"
EndProject
Project("{9A19103F-16F7-4668-BE54-9A1E7A4F7556}") = "Esercizio5", "Lezione02\Esercizio5\Esercizio5.csproj", "{E6302ABE-60F9-4AEF-8FC8-DAB8199C6280}"
EndProject
Project("{2150E333-8FDC-42A3-9474-1A3956D46DE8}") = "Esercizio1", "Esercizio1", "{F9BB002E-29E4-4ACB-9890-79E00852D164}"
EndProject
Project("{9A19103F-16F7-4668-BE54-9A1E7A4F7556}") = "Esercizio1", "Lezione02\Esercizio1\Esercizio1.csproj", "{3862ACEF-B101-4AF7-BFB2-9CFEE0025A02}"
EndProject
Project("{2150E333-8FDC-42A3-9474-1A3956D46DE8}") = "Esercizio2", "Esercizio2", "{E592AB08-ED46-4E3D-B636-429734C7AC9D}"
EndProject
Project("{9A19103F-16F7-4668-BE54-9A1E7A4F7556}") = "Esercizio2", "Lezione02\Esercizio2\Esercizio2.csproj", "{255A3DD3-AE56-4EF9-8A1B-33F65B6EB7C2}"
EndProject
Project("{2150E333-8FDC-42A3-9474-1A3956D46DE8}") = "Esercizio3", "Esercizio3", "{F935875A-843E-4701-8A1B-53E425BFFEA1}"
EndProject
Project("{FAE04EC0-301F-11D3-BF4B-00C04F79EFBC}") = "Esercizio3", "Lezione02\Esercizio3\Esercizio3\Esercizio3.csproj", "{CC3E5250-6D1F-401A-955E-7710D27BC62B}"
EndProject
Global
	GlobalSection(SolutionConfigurationPlatforms) = preSolution
		Debug|Any CPU = Debug|Any CPU
		Release|Any CPU = Release|Any CPU
	EndGlobalSection
	GlobalSection(ProjectConfigurationPlatforms) = postSolution
		{323A0DB7-0876-4083-AACF-1AA32AC68EF9}.Debug|Any CPU.ActiveCfg = Debug|Any CPU
		{323A0DB7-0876-4083-AACF-1AA32AC68EF9}.Debug|Any CPU.Build.0 = Debug|Any CPU
		{323A0DB7-0876-4083-AACF-1AA32AC68EF9}.Release|Any CPU.ActiveCfg = Release|Any CPU
		{323A0DB7-0876-4083-AACF-1AA32AC68EF9}.Release|Any CPU.Build.0 = Release|Any CPU
		{6746DABB-5FAA-4974-BFCA-40994809E122}.Debug|Any CPU.ActiveCfg = Debug|Any CPU
		{6746DABB-5FAA-4974-BFCA-40994809E122}.Debug|Any CPU.Build.0 = Debug|Any CPU
		{6746DABB-5FAA-4974-BFCA-40994809E122}.Release|Any CPU.ActiveCfg = Release|Any CPU
		{6746DABB-5FAA-4974-BFCA-40994809E122}.Release|Any CPU.Build.0 = Release|Any CPU
		{FBC7F938-8AC8-48FE-927F-1EFF241FDEEB}.Debug|Any CPU.ActiveCfg = Debug|Any CPU
		{FBC7F938-8AC8-48FE-927F-1EFF241FDEEB}.Debug|Any CPU.Build.0 = Debug|Any CPU
		{FBC7F938-8AC8-48FE-927F-1EFF241FDEEB}.Release|Any CPU.ActiveCfg = Release|Any CPU
		{FBC7F938-8AC8-48FE-927F-1EFF241FDEEB}.Release|Any CPU.Build.0 = Release|Any CPU
		{E5B471F1-1D68-43CF-A569-F68ABF647287}.Debug|Any CPU.ActiveCfg = Debug|Any CPU
		{E5B471F1-1D68-43CF-A569-F68ABF647287}.Debug|Any CPU.Build.0 = Debug|Any CPU
		{E5B471F1-1D68-43CF-A569-F68ABF647287}.Release|Any CPU.ActiveCfg = Release|Any CPU
		{E5B471F1-1D68-43CF-A569-F68ABF647287}.Release|Any CPU.Build.0 = Release|Any CPU
		{524BF498-5278-4916-A9B4-19C2C832FA27}.Debug|Any CPU.ActiveCfg = Debug|Any CPU
		{524BF498-5278-4916-A9B4-19C2C832FA27}.Debug|Any CPU.Build.0 = Debug|Any CPU
		{524BF498-5278-4916-A9B4-19C2C832FA27}.Release|Any CPU.ActiveCfg = Release|Any CPU
		{524BF498-5278-4916-A9B4-19C2C832FA27}.Release|Any CPU.Build.0 = Release|Any CPU
		{62300F4A-54AB-45C9-9782-197C0C7187BB}.Debug|Any CPU.ActiveCfg = Debug|Any CPU
		{62300F4A-54AB-45C9-9782-197C0C7187BB}.Debug|Any CPU.Build.0 = Debug|Any CPU
		{62300F4A-54AB-45C9-9782-197C0C7187BB}.Release|Any CPU.ActiveCfg = Release|Any CPU
		{62300F4A-54AB-45C9-9782-197C0C7187BB}.Release|Any CPU.Build.0 = Release|Any CPU
		{BF057CF2-EBCE-4A3D-9526-163C502DC571}.Debug|Any CPU.ActiveCfg = Debug|Any CPU
		{BF057CF2-EBCE-4A3D-9526-163C502DC571}.Debug|Any CPU.Build.0 = Debug|Any CPU
		{BF057CF2-EBCE-4A3D-9526-163C502DC571}.Release|Any CPU.ActiveCfg = Release|Any CPU
		{BF057CF2-EBCE-4A3D-9526-163C502DC571}.Release|Any CPU.Build.0 = Release|Any CPU
		{5BFE6D43-AD99-4A31-88B9-F359FE21D656}.Debug|Any CPU.ActiveCfg = Debug|Any CPU
		{5BFE6D43-AD99-4A31-88B9-F359FE21D656}.Debug|Any CPU.Build.0 = Debug|Any CPU
		{5BFE6D43-AD99-4A31-88B9-F359FE21D656}.Release|Any CPU.ActiveCfg = Release|Any CPU
		{5BFE6D43-AD99-4A31-88B9-F359FE21D656}.Release|Any CPU.Build.0 = Release|Any CPU
		{6CE1D1A0-6E13-4A18-A0A1-E44EF0FD2273}.Debug|Any CPU.ActiveCfg = Debug|Any CPU
		{6CE1D1A0-6E13-4A18-A0A1-E44EF0FD2273}.Debug|Any CPU.Build.0 = Debug|Any CPU
		{6CE1D1A0-6E13-4A18-A0A1-E44EF0FD2273}.Release|Any CPU.ActiveCfg = Release|Any CPU
		{6CE1D1A0-6E13-4A18-A0A1-E44EF0FD2273}.Release|Any CPU.Build.0 = Release|Any CPU
		{E6302ABE-60F9-4AEF-8FC8-DAB8199C6280}.Debug|Any CPU.ActiveCfg = Debug|Any CPU
		{E6302ABE-60F9-4AEF-8FC8-DAB8199C6280}.Debug|Any CPU.Build.0 = Debug|Any CPU
		{E6302ABE-60F9-4AEF-8FC8-DAB8199C6280}.Release|Any CPU.ActiveCfg = Release|Any CPU
		{E6302ABE-60F9-4AEF-8FC8-DAB8199C6280}.Release|Any CPU.Build.0 = Release|Any CPU
		{3862ACEF-B101-4AF7-BFB2-9CFEE0025A02}.Debug|Any CPU.ActiveCfg = Debug|Any CPU
		{3862ACEF-B101-4AF7-BFB2-9CFEE0025A02}.Debug|Any CPU.Build.0 = Debug|Any CPU
		{3862ACEF-B101-4AF7-BFB2-9CFEE0025A02}.Release|Any CPU.ActiveCfg = Release|Any CPU
		{3862ACEF-B101-4AF7-BFB2-9CFEE0025A02}.Release|Any CPU.Build.0 = Release|Any CPU
		{255A3DD3-AE56-4EF9-8A1B-33F65B6EB7C2}.Debug|Any CPU.ActiveCfg = Debug|Any CPU
		{255A3DD3-AE56-4EF9-8A1B-33F65B6EB7C2}.Debug|Any CPU.Build.0 = Debug|Any CPU
		{255A3DD3-AE56-4EF9-8A1B-33F65B6EB7C2}.Release|Any CPU.ActiveCfg = Release|Any CPU
		{255A3DD3-AE56-4EF9-8A1B-33F65B6EB7C2}.Release|Any CPU.Build.0 = Release|Any CPU
		{CC3E5250-6D1F-401A-955E-7710D27BC62B}.Debug|Any CPU.ActiveCfg = Debug|Any CPU
		{CC3E5250-6D1F-401A-955E-7710D27BC62B}.Debug|Any CPU.Build.0 = Debug|Any CPU
		{CC3E5250-6D1F-401A-955E-7710D27BC62B}.Release|Any CPU.ActiveCfg = Release|Any CPU
		{CC3E5250-6D1F-401A-955E-7710D27BC62B}.Release|Any CPU.Build.0 = Release|Any CPU
	EndGlobalSection
	GlobalSection(SolutionProperties) = preSolution
		HideSolutionNode = FALSE
	EndGlobalSection
	GlobalSection(NestedProjects) = preSolution
		{323A0DB7-0876-4083-AACF-1AA32AC68EF9} = {D7453337-BB10-49C1-A68D-A02894F5A9E8}
		{D7453337-BB10-49C1-A68D-A02894F5A9E8} = {144DF47A-F409-478E-B131-2070DF11E3D0}
		{871E30A4-CF70-4CFF-8857-31D3BE446CA5} = {144DF47A-F409-478E-B131-2070DF11E3D0}
		{6746DABB-5FAA-4974-BFCA-40994809E122} = {871E30A4-CF70-4CFF-8857-31D3BE446CA5}
		{FBC7F938-8AC8-48FE-927F-1EFF241FDEEB} = {871E30A4-CF70-4CFF-8857-31D3BE446CA5}
		{994F17F5-15E4-40A7-841A-35D774B4A4F7} = {144DF47A-F409-478E-B131-2070DF11E3D0}
		{E5B471F1-1D68-43CF-A569-F68ABF647287} = {994F17F5-15E4-40A7-841A-35D774B4A4F7}
		{524BF498-5278-4916-A9B4-19C2C832FA27} = {871E30A4-CF70-4CFF-8857-31D3BE446CA5}
		{03728246-EBCF-4632-9C5F-DE6B5FC83F6A} = {144DF47A-F409-478E-B131-2070DF11E3D0}
		{62300F4A-54AB-45C9-9782-197C0C7187BB} = {03728246-EBCF-4632-9C5F-DE6B5FC83F6A}
		{D0B9C47F-6FF4-4774-A6CF-FFCF54BDAEEA} = {144DF47A-F409-478E-B131-2070DF11E3D0}
		{BF057CF2-EBCE-4A3D-9526-163C502DC571} = {D0B9C47F-6FF4-4774-A6CF-FFCF54BDAEEA}
		{5BFE6D43-AD99-4A31-88B9-F359FE21D656} = {D0B9C47F-6FF4-4774-A6CF-FFCF54BDAEEA}
		{1406347B-8B5B-461E-A48C-A9137A5B0028} = {FF49DAA0-1E6E-4E16-924E-2613E184CA97}
		{6CE1D1A0-6E13-4A18-A0A1-E44EF0FD2273} = {1406347B-8B5B-461E-A48C-A9137A5B0028}
		{0F400406-C911-4332-A3E7-0675BE5E3BBD} = {FF49DAA0-1E6E-4E16-924E-2613E184CA97}
		{E6302ABE-60F9-4AEF-8FC8-DAB8199C6280} = {0F400406-C911-4332-A3E7-0675BE5E3BBD}
		{F9BB002E-29E4-4ACB-9890-79E00852D164} = {FF49DAA0-1E6E-4E16-924E-2613E184CA97}
		{3862ACEF-B101-4AF7-BFB2-9CFEE0025A02} = {F9BB002E-29E4-4ACB-9890-79E00852D164}
		{E592AB08-ED46-4E3D-B636-429734C7AC9D} = {FF49DAA0-1E6E-4E16-924E-2613E184CA97}
		{255A3DD3-AE56-4EF9-8A1B-33F65B6EB7C2} = {E592AB08-ED46-4E3D-B636-429734C7AC9D}
		{F935875A-843E-4701-8A1B-53E425BFFEA1} = {FF49DAA0-1E6E-4E16-924E-2613E184CA97}
		{CC3E5250-6D1F-401A-955E-7710D27BC62B} = {F935875A-843E-4701-8A1B-53E425BFFEA1}
	EndGlobalSection
	GlobalSection(ExtensibilityGlobals) = postSolution
		SolutionGuid = {198EFEF8-01C3-490A-948A-2FA6A3DC427C}
	EndGlobalSection
EndGlobal
